
Microsoft Visual Studio Solution File, Format Version 12.00
# Visual Studio 15
VisualStudioVersion = 15.0.28307.757
MinimumVisualStudioVersion = 10.0.40219.1
Project("{FAE04EC0-301F-11D3-BF4B-00C04F79EFBC}") = "Blog.MVC", "Blog.MVC\Blog.MVC.csproj", "{18F38FBA-3A2C-4B32-AD54-49E04C53959E}"
EndProject
Global
	GlobalSection(SolutionConfigurationPlatforms) = preSolution
		Debug|Any CPU = Debug|Any CPU
		Release|Any CPU = Release|Any CPU
	EndGlobalSection
	GlobalSection(ProjectConfigurationPlatforms) = postSolution
		{18F38FBA-3A2C-4B32-AD54-49E04C53959E}.Debug|Any CPU.ActiveCfg = Debug|Any CPU
		{18F38FBA-3A2C-4B32-AD54-49E04C53959E}.Debug|Any CPU.Build.0 = Debug|Any CPU
		{18F38FBA-3A2C-4B32-AD54-49E04C53959E}.Release|Any CPU.ActiveCfg = Release|Any CPU
		{18F38FBA-3A2C-4B32-AD54-49E04C53959E}.Release|Any CPU.Build.0 = Release|Any CPU
	EndGlobalSection
	GlobalSection(SolutionProperties) = preSolution
		HideSolutionNode = FALSE
	EndGlobalSection
	GlobalSection(ExtensibilityGlobals) = postSolution
		SolutionGuid = {1425201C-DD01-4AE8-BF12-03A79BC06E55}
	EndGlobalSection
EndGlobal
